
Microsoft Visual Studio Solution File, Format Version 12.00
# Visual Studio Version 17
VisualStudioVersion = 17.14.36203.30
MinimumVisualStudioVersion = 10.0.40219.1
Project("{8BC9CEB8-8B4A-11D0-8D11-00A0C91BC942}") = "Matrix", "Matrix\Matrix.vcxproj", "{B09BF888-BDD5-4733-BCF4-FCDFF401D1C0}"
EndProject
Project("{8BC9CEB8-8B4A-11D0-8D11-00A0C91BC942}") = "MatrixOfFractions", "MatrixOfFractions\MatrixOfFractions.vcxproj", "{3E4EFA4F-DAC2-4667-AED0-38190E18DEBE}"
EndProject
Global
	GlobalSection(SolutionConfigurationPlatforms) = preSolution
		Debug|x64 = Debug|x64
		Debug|x86 = Debug|x86
		Release|x64 = Release|x64
		Release|x86 = Release|x86
	EndGlobalSection
	GlobalSection(ProjectConfigurationPlatforms) = postSolution
		{B09BF888-BDD5-4733-BCF4-FCDFF401D1C0}.Debug|x64.ActiveCfg = Debug|x64
		{B09BF888-BDD5-4733-BCF4-FCDFF401D1C0}.Debug|x64.Build.0 = Debug|x64
		{B09BF888-BDD5-4733-BCF4-FCDFF401D1C0}.Debug|x86.ActiveCfg = Debug|Win32
		{B09BF888-BDD5-4733-BCF4-FCDFF401D1C0}.Debug|x86.Build.0 = Debug|Win32
		{B09BF888-BDD5-4733-BCF4-FCDFF401D1C0}.Release|x64.ActiveCfg = Release|x64
		{B09BF888-BDD5-4733-BCF4-FCDFF401D1C0}.Release|x64.Build.0 = Release|x64
		{B09BF888-BDD5-4733-BCF4-FCDFF401D1C0}.Release|x86.ActiveCfg = Release|Win32
		{B09BF888-BDD5-4733-BCF4-FCDFF401D1C0}.Release|x86.Build.0 = Release|Win32
		{3E4EFA4F-DAC2-4667-AED0-38190E18DEBE}.Debug|x64.ActiveCfg = Debug|x64
		{3E4EFA4F-DAC2-4667-AED0-38190E18DEBE}.Debug|x64.Build.0 = Debug|x64
		{3E4EFA4F-DAC2-4667-AED0-38190E18DEBE}.Debug|x86.ActiveCfg = Debug|Win32
		{3E4EFA4F-DAC2-4667-AED0-38190E18DEBE}.Debug|x86.Build.0 = Debug|Win32
		{3E4EFA4F-DAC2-4667-AED0-38190E18DEBE}.Release|x64.ActiveCfg = Release|x64
		{3E4EFA4F-DAC2-4667-AED0-38190E18DEBE}.Release|x64.Build.0 = Release|x64
		{3E4EFA4F-DAC2-4667-AED0-38190E18DEBE}.Release|x86.ActiveCfg = Release|Win32
		{3E4EFA4F-DAC2-4667-AED0-38190E18DEBE}.Release|x86.Build.0 = Release|Win32
	EndGlobalSection
	GlobalSection(SolutionProperties) = preSolution
		HideSolutionNode = FALSE
	EndGlobalSection
	GlobalSection(ExtensibilityGlobals) = postSolution
		SolutionGuid = {37084A90-EE67-4CF2-99A2-7D0095B7E641}
	EndGlobalSection
EndGlobal
