
Microsoft Visual Studio Solution File, Format Version 12.00
# Visual Studio 15
VisualStudioVersion = 15.0.26228.86
MinimumVisualStudioVersion = 10.0.40219.1
Project("{8BC9CEB8-8B4A-11D0-8D11-00A0C91BC942}") = "IntroductionToOOP", "IntroductionToOOP\IntroductionToOOP.vcxproj", "{327890DC-6CE9-4751-9547-2AFC2D9537D8}"
EndProject
Project("{8BC9CEB8-8B4A-11D0-8D11-00A0C91BC942}") = "Fraction", "Fraction\Fraction.vcxproj", "{1CF85B02-B1D7-4797-90B2-EB0776516281}"
EndProject
Project("{8BC9CEB8-8B4A-11D0-8D11-00A0C91BC942}") = "ClassFraction", "ClassFraction\ClassFraction.vcxproj", "{B1D8B9C6-0E38-41FC-8BBA-A3978415B0A3}"
EndProject
Project("{8BC9CEB8-8B4A-11D0-8D11-00A0C91BC942}") = "String", "String\String.vcxproj", "{41266EB0-B90B-4D36-B659-5EB0826E3FBD}"
EndProject
Project("{8BC9CEB8-8B4A-11D0-8D11-00A0C91BC942}") = "ClassString", "ClassString\ClassString.vcxproj", "{51107341-C448-4440-A99F-B942FBE14CBD}"
EndProject
Project("{8BC9CEB8-8B4A-11D0-8D11-00A0C91BC942}") = "StringHW", "StringHW\StringHW.vcxproj", "{B1C2D79E-6084-45A2-91C1-FB10AD762054}"
EndProject
Global
	GlobalSection(SolutionConfigurationPlatforms) = preSolution
		Debug|x64 = Debug|x64
		Debug|x86 = Debug|x86
		Release|x64 = Release|x64
		Release|x86 = Release|x86
	EndGlobalSection
	GlobalSection(ProjectConfigurationPlatforms) = postSolution
		{327890DC-6CE9-4751-9547-2AFC2D9537D8}.Debug|x64.ActiveCfg = Debug|x64
		{327890DC-6CE9-4751-9547-2AFC2D9537D8}.Debug|x64.Build.0 = Debug|x64
		{327890DC-6CE9-4751-9547-2AFC2D9537D8}.Debug|x86.ActiveCfg = Debug|Win32
		{327890DC-6CE9-4751-9547-2AFC2D9537D8}.Debug|x86.Build.0 = Debug|Win32
		{327890DC-6CE9-4751-9547-2AFC2D9537D8}.Release|x64.ActiveCfg = Release|x64
		{327890DC-6CE9-4751-9547-2AFC2D9537D8}.Release|x64.Build.0 = Release|x64
		{327890DC-6CE9-4751-9547-2AFC2D9537D8}.Release|x86.ActiveCfg = Release|Win32
		{327890DC-6CE9-4751-9547-2AFC2D9537D8}.Release|x86.Build.0 = Release|Win32
		{1CF85B02-B1D7-4797-90B2-EB0776516281}.Debug|x64.ActiveCfg = Debug|x64
		{1CF85B02-B1D7-4797-90B2-EB0776516281}.Debug|x64.Build.0 = Debug|x64
		{1CF85B02-B1D7-4797-90B2-EB0776516281}.Debug|x86.ActiveCfg = Debug|Win32
		{1CF85B02-B1D7-4797-90B2-EB0776516281}.Debug|x86.Build.0 = Debug|Win32
		{1CF85B02-B1D7-4797-90B2-EB0776516281}.Release|x64.ActiveCfg = Release|x64
		{1CF85B02-B1D7-4797-90B2-EB0776516281}.Release|x64.Build.0 = Release|x64
		{1CF85B02-B1D7-4797-90B2-EB0776516281}.Release|x86.ActiveCfg = Release|Win32
		{1CF85B02-B1D7-4797-90B2-EB0776516281}.Release|x86.Build.0 = Release|Win32
		{B1D8B9C6-0E38-41FC-8BBA-A3978415B0A3}.Debug|x64.ActiveCfg = Debug|x64
		{B1D8B9C6-0E38-41FC-8BBA-A3978415B0A3}.Debug|x64.Build.0 = Debug|x64
		{B1D8B9C6-0E38-41FC-8BBA-A3978415B0A3}.Debug|x86.ActiveCfg = Debug|Win32
		{B1D8B9C6-0E38-41FC-8BBA-A3978415B0A3}.Debug|x86.Build.0 = Debug|Win32
		{B1D8B9C6-0E38-41FC-8BBA-A3978415B0A3}.Release|x64.ActiveCfg = Release|x64
		{B1D8B9C6-0E38-41FC-8BBA-A3978415B0A3}.Release|x64.Build.0 = Release|x64
		{B1D8B9C6-0E38-41FC-8BBA-A3978415B0A3}.Release|x86.ActiveCfg = Release|Win32
		{B1D8B9C6-0E38-41FC-8BBA-A3978415B0A3}.Release|x86.Build.0 = Release|Win32
		{41266EB0-B90B-4D36-B659-5EB0826E3FBD}.Debug|x64.ActiveCfg = Debug|x64
		{41266EB0-B90B-4D36-B659-5EB0826E3FBD}.Debug|x64.Build.0 = Debug|x64
		{41266EB0-B90B-4D36-B659-5EB0826E3FBD}.Debug|x86.ActiveCfg = Debug|Win32
		{41266EB0-B90B-4D36-B659-5EB0826E3FBD}.Debug|x86.Build.0 = Debug|Win32
		{41266EB0-B90B-4D36-B659-5EB0826E3FBD}.Release|x64.ActiveCfg = Release|x64
		{41266EB0-B90B-4D36-B659-5EB0826E3FBD}.Release|x64.Build.0 = Release|x64
		{41266EB0-B90B-4D36-B659-5EB0826E3FBD}.Release|x86.ActiveCfg = Release|Win32
		{41266EB0-B90B-4D36-B659-5EB0826E3FBD}.Release|x86.Build.0 = Release|Win32
		{51107341-C448-4440-A99F-B942FBE14CBD}.Debug|x64.ActiveCfg = Debug|x64
		{51107341-C448-4440-A99F-B942FBE14CBD}.Debug|x64.Build.0 = Debug|x64
		{51107341-C448-4440-A99F-B942FBE14CBD}.Debug|x86.ActiveCfg = Debug|Win32
		{51107341-C448-4440-A99F-B942FBE14CBD}.Debug|x86.Build.0 = Debug|Win32
		{51107341-C448-4440-A99F-B942FBE14CBD}.Release|x64.ActiveCfg = Release|x64
		{51107341-C448-4440-A99F-B942FBE14CBD}.Release|x64.Build.0 = Release|x64
		{51107341-C448-4440-A99F-B942FBE14CBD}.Release|x86.ActiveCfg = Release|Win32
		{51107341-C448-4440-A99F-B942FBE14CBD}.Release|x86.Build.0 = Release|Win32
		{B1C2D79E-6084-45A2-91C1-FB10AD762054}.Debug|x64.ActiveCfg = Debug|x64
		{B1C2D79E-6084-45A2-91C1-FB10AD762054}.Debug|x64.Build.0 = Debug|x64
		{B1C2D79E-6084-45A2-91C1-FB10AD762054}.Debug|x86.ActiveCfg = Debug|Win32
		{B1C2D79E-6084-45A2-91C1-FB10AD762054}.Debug|x86.Build.0 = Debug|Win32
		{B1C2D79E-6084-45A2-91C1-FB10AD762054}.Release|x64.ActiveCfg = Release|x64
		{B1C2D79E-6084-45A2-91C1-FB10AD762054}.Release|x64.Build.0 = Release|x64
		{B1C2D79E-6084-45A2-91C1-FB10AD762054}.Release|x86.ActiveCfg = Release|Win32
		{B1C2D79E-6084-45A2-91C1-FB10AD762054}.Release|x86.Build.0 = Release|Win32
	EndGlobalSection
	GlobalSection(SolutionProperties) = preSolution
		HideSolutionNode = FALSE
	EndGlobalSection
	GlobalSection(ExtensibilityGlobals) = postSolution
		SolutionGuid = {37084A90-EE67-4CF2-99A2-7D0095B7E641}
	EndGlobalSection
EndGlobal
